
Microsoft Visual Studio Solution File, Format Version 12.00
# Visual Studio Version 16
VisualStudioVersion = 16.0.28803.156
MinimumVisualStudioVersion = 10.0.40219.1
Project("{9A19103F-16F7-4668-BE54-9A1E7A4F7556}") = "SERVICE", "SERVICE\SERVICE.csproj", "{38159AC7-C938-4E0B-9202-C73444697FFA}"
EndProject
Project("{9A19103F-16F7-4668-BE54-9A1E7A4F7556}") = "REPOSITORY", "REPOSITORY\REPOSITORY.csproj", "{78093782-ABBE-4CDC-BF39-05BBDE8828F9}"
EndProject
Project("{2150E333-8FDC-42A3-9474-1A3956D46DE8}") = "Domaindddd", "Domaindddd", "{53546C10-CB82-4487-B6F8-DF1CE5BD8100}"
	ProjectSection(SolutionItems) = preProject
		DOMAIN\Advogado.cs = DOMAIN\Advogado.cs
		DOMAIN\AndamentoProcessual.cs = DOMAIN\AndamentoProcessual.cs
		DOMAIN\Autor.cs = DOMAIN\Autor.cs
		DOMAIN\Cliente.cs = DOMAIN\Cliente.cs
		DOMAIN\Contrato.cs = DOMAIN\Contrato.cs
		DOMAIN\Endereco.cs = DOMAIN\Endereco.cs
		DOMAIN\ModeloContrato.cs = DOMAIN\ModeloContrato.cs
		DOMAIN\PeticaoBase.cs = DOMAIN\PeticaoBase.cs
		DOMAIN\Prazo.cs = DOMAIN\Prazo.cs
		DOMAIN\Processo.cs = DOMAIN\Processo.cs
		DOMAIN\Protocolo.cs = DOMAIN\Protocolo.cs
		DOMAIN\Reu.cs = DOMAIN\Reu.cs
		DOMAIN\Usuario.cs = DOMAIN\Usuario.cs
	EndProjectSection
EndProject
Project("{2150E333-8FDC-42A3-9474-1A3956D46DE8}") = "2 - Repository", "2 - Repository", "{D37EA3DC-C22C-42D0-89DF-8A40AD674593}"
EndProject
Project("{2150E333-8FDC-42A3-9474-1A3956D46DE8}") = "3 - Service", "3 - Service", "{50E4772C-3FB3-4D8A-8BEE-3FA0B5A90982}"
EndProject
Project("{2150E333-8FDC-42A3-9474-1A3956D46DE8}") = "Application", "Application", "{B06A92FD-57CB-4B72-83D0-EB4310BCCB2D}"
EndProject
Project("{9A19103F-16F7-4668-BE54-9A1E7A4F7556}") = "MVC", "MVC\MVC.csproj", "{D0DB8EB1-95F0-4EDA-BDA7-700F1F594AC3}"
EndProject
Project("{2150E333-8FDC-42A3-9474-1A3956D46DE8}") = "Domain", "Domain", "{0C8DEF7B-55BE-4E06-9390-B3EDBB400180}"
EndProject
Project("{9A19103F-16F7-4668-BE54-9A1E7A4F7556}") = "DOMAIN", "Back\DOMAIN.csproj", "{57FF230B-CE73-45B4-B690-E2FB46E2D3B3}"
EndProject
Global
	GlobalSection(SolutionConfigurationPlatforms) = preSolution
		Debug|Any CPU = Debug|Any CPU
		Release|Any CPU = Release|Any CPU
	EndGlobalSection
	GlobalSection(ProjectConfigurationPlatforms) = postSolution
		{38159AC7-C938-4E0B-9202-C73444697FFA}.Debug|Any CPU.ActiveCfg = Debug|Any CPU
		{38159AC7-C938-4E0B-9202-C73444697FFA}.Debug|Any CPU.Build.0 = Debug|Any CPU
		{38159AC7-C938-4E0B-9202-C73444697FFA}.Release|Any CPU.ActiveCfg = Release|Any CPU
		{38159AC7-C938-4E0B-9202-C73444697FFA}.Release|Any CPU.Build.0 = Release|Any CPU
		{78093782-ABBE-4CDC-BF39-05BBDE8828F9}.Debug|Any CPU.ActiveCfg = Debug|Any CPU
		{78093782-ABBE-4CDC-BF39-05BBDE8828F9}.Debug|Any CPU.Build.0 = Debug|Any CPU
		{78093782-ABBE-4CDC-BF39-05BBDE8828F9}.Release|Any CPU.ActiveCfg = Release|Any CPU
		{78093782-ABBE-4CDC-BF39-05BBDE8828F9}.Release|Any CPU.Build.0 = Release|Any CPU
		{D0DB8EB1-95F0-4EDA-BDA7-700F1F594AC3}.Debug|Any CPU.ActiveCfg = Debug|Any CPU
		{D0DB8EB1-95F0-4EDA-BDA7-700F1F594AC3}.Debug|Any CPU.Build.0 = Debug|Any CPU
		{D0DB8EB1-95F0-4EDA-BDA7-700F1F594AC3}.Release|Any CPU.ActiveCfg = Release|Any CPU
		{D0DB8EB1-95F0-4EDA-BDA7-700F1F594AC3}.Release|Any CPU.Build.0 = Release|Any CPU
		{57FF230B-CE73-45B4-B690-E2FB46E2D3B3}.Debug|Any CPU.ActiveCfg = Debug|Any CPU
		{57FF230B-CE73-45B4-B690-E2FB46E2D3B3}.Debug|Any CPU.Build.0 = Debug|Any CPU
		{57FF230B-CE73-45B4-B690-E2FB46E2D3B3}.Release|Any CPU.ActiveCfg = Release|Any CPU
		{57FF230B-CE73-45B4-B690-E2FB46E2D3B3}.Release|Any CPU.Build.0 = Release|Any CPU
	EndGlobalSection
	GlobalSection(SolutionProperties) = preSolution
		HideSolutionNode = FALSE
	EndGlobalSection
	GlobalSection(NestedProjects) = preSolution
		{38159AC7-C938-4E0B-9202-C73444697FFA} = {50E4772C-3FB3-4D8A-8BEE-3FA0B5A90982}
		{78093782-ABBE-4CDC-BF39-05BBDE8828F9} = {D37EA3DC-C22C-42D0-89DF-8A40AD674593}
		{D0DB8EB1-95F0-4EDA-BDA7-700F1F594AC3} = {B06A92FD-57CB-4B72-83D0-EB4310BCCB2D}
		{57FF230B-CE73-45B4-B690-E2FB46E2D3B3} = {0C8DEF7B-55BE-4E06-9390-B3EDBB400180}
	EndGlobalSection
	GlobalSection(ExtensibilityGlobals) = postSolution
		SolutionGuid = {79640335-2AAA-4F80-A705-1F8024D62F13}
	EndGlobalSection
EndGlobal
